
Microsoft Visual Studio Solution File, Format Version 12.00
# Visual Studio Version 17
VisualStudioVersion = 17.4.33205.214
MinimumVisualStudioVersion = 10.0.40219.1
Project("{2150E333-8FDC-42A3-9474-1A3956D46DE8}") = "Solution Items", "Solution Items", "{821F95B2-B3DF-42C5-8957-EB273A853965}"
	ProjectSection(SolutionItems) = preProject
		readme.md = readme.md
	EndProjectSection
EndProject
Project("{2150E333-8FDC-42A3-9474-1A3956D46DE8}") = "Console projects", "Console projects", "{D1FFB21B-22B7-4E10-A3E2-0C345E25917D}"
EndProject
Project("{9A19103F-16F7-4668-BE54-9A1E7A4F7556}") = "DatesConsole1", "DatesConsole1\DatesConsole1.csproj", "{407FE1DA-DBDB-4A1A-9662-CD669A820DB5}"
EndProject
Project("{2150E333-8FDC-42A3-9474-1A3956D46DE8}") = "Helper projects", "Helper projects", "{5DA0FE65-AC52-4E1A-8A6F-300D26076526}"
EndProject
Project("{9A19103F-16F7-4668-BE54-9A1E7A4F7556}") = "ConsoleHelpers", "ConsoleHelpers\ConsoleHelpers.csproj", "{FF2C98F6-D54A-4CD6-9C9F-DD7D960608B1}"
EndProject
Project("{9A19103F-16F7-4668-BE54-9A1E7A4F7556}") = "CommonLibrary", "CommonLibrary\CommonLibrary.csproj", "{C8F5DE79-CAD1-4AE7-A95C-A15AF658F61A}"
EndProject
Project("{9A19103F-16F7-4668-BE54-9A1E7A4F7556}") = "FormatUtility", "formatting-utility\FormatUtility.csproj", "{F5C87AAC-8F31-4561-B148-25A5BB894916}"
EndProject
Project("{FAE04EC0-301F-11D3-BF4B-00C04F79EFBC}") = "FormattableStringDateTimeApp", "FormattableStringDateTimeApp\FormattableStringDateTimeApp.csproj", "{E64F27FE-B76E-444D-B50B-1E718F4C0F38}"
EndProject
Project("{FAE04EC0-301F-11D3-BF4B-00C04F79EFBC}") = "DateOnlyApp", "DateOnlyApp\DateOnlyApp.csproj", "{AC63E607-6B4B-4F3B-A2AE-7EE3975CA05A}"
EndProject
Project("{9A19103F-16F7-4668-BE54-9A1E7A4F7556}") = "NewtonsoftDateOnlyTimeOnlyApp", "NewtonsoftDateOnlyTimeOnlyApp\NewtonsoftDateOnlyTimeOnlyApp.csproj", "{D0358488-AC5D-4A61-9AE1-1A8660A9CB27}"
EndProject
Global
	GlobalSection(SolutionConfigurationPlatforms) = preSolution
		Debug|Any CPU = Debug|Any CPU
		Release|Any CPU = Release|Any CPU
	EndGlobalSection
	GlobalSection(ProjectConfigurationPlatforms) = postSolution
		{407FE1DA-DBDB-4A1A-9662-CD669A820DB5}.Debug|Any CPU.ActiveCfg = Debug|Any CPU
		{407FE1DA-DBDB-4A1A-9662-CD669A820DB5}.Debug|Any CPU.Build.0 = Debug|Any CPU
		{407FE1DA-DBDB-4A1A-9662-CD669A820DB5}.Release|Any CPU.ActiveCfg = Release|Any CPU
		{407FE1DA-DBDB-4A1A-9662-CD669A820DB5}.Release|Any CPU.Build.0 = Release|Any CPU
		{FF2C98F6-D54A-4CD6-9C9F-DD7D960608B1}.Debug|Any CPU.ActiveCfg = Debug|Any CPU
		{FF2C98F6-D54A-4CD6-9C9F-DD7D960608B1}.Debug|Any CPU.Build.0 = Debug|Any CPU
		{FF2C98F6-D54A-4CD6-9C9F-DD7D960608B1}.Release|Any CPU.ActiveCfg = Release|Any CPU
		{FF2C98F6-D54A-4CD6-9C9F-DD7D960608B1}.Release|Any CPU.Build.0 = Release|Any CPU
		{C8F5DE79-CAD1-4AE7-A95C-A15AF658F61A}.Debug|Any CPU.ActiveCfg = Debug|Any CPU
		{C8F5DE79-CAD1-4AE7-A95C-A15AF658F61A}.Debug|Any CPU.Build.0 = Debug|Any CPU
		{C8F5DE79-CAD1-4AE7-A95C-A15AF658F61A}.Release|Any CPU.ActiveCfg = Release|Any CPU
		{C8F5DE79-CAD1-4AE7-A95C-A15AF658F61A}.Release|Any CPU.Build.0 = Release|Any CPU
		{F5C87AAC-8F31-4561-B148-25A5BB894916}.Debug|Any CPU.ActiveCfg = Debug|Any CPU
		{F5C87AAC-8F31-4561-B148-25A5BB894916}.Debug|Any CPU.Build.0 = Debug|Any CPU
		{F5C87AAC-8F31-4561-B148-25A5BB894916}.Release|Any CPU.ActiveCfg = Release|Any CPU
		{F5C87AAC-8F31-4561-B148-25A5BB894916}.Release|Any CPU.Build.0 = Release|Any CPU
		{E64F27FE-B76E-444D-B50B-1E718F4C0F38}.Debug|Any CPU.ActiveCfg = Debug|Any CPU
		{E64F27FE-B76E-444D-B50B-1E718F4C0F38}.Debug|Any CPU.Build.0 = Debug|Any CPU
		{E64F27FE-B76E-444D-B50B-1E718F4C0F38}.Release|Any CPU.ActiveCfg = Release|Any CPU
		{E64F27FE-B76E-444D-B50B-1E718F4C0F38}.Release|Any CPU.Build.0 = Release|Any CPU
		{AC63E607-6B4B-4F3B-A2AE-7EE3975CA05A}.Debug|Any CPU.ActiveCfg = Debug|Any CPU
		{AC63E607-6B4B-4F3B-A2AE-7EE3975CA05A}.Debug|Any CPU.Build.0 = Debug|Any CPU
		{AC63E607-6B4B-4F3B-A2AE-7EE3975CA05A}.Release|Any CPU.ActiveCfg = Release|Any CPU
		{AC63E607-6B4B-4F3B-A2AE-7EE3975CA05A}.Release|Any CPU.Build.0 = Release|Any CPU
		{D0358488-AC5D-4A61-9AE1-1A8660A9CB27}.Debug|Any CPU.ActiveCfg = Debug|Any CPU
		{D0358488-AC5D-4A61-9AE1-1A8660A9CB27}.Debug|Any CPU.Build.0 = Debug|Any CPU
		{D0358488-AC5D-4A61-9AE1-1A8660A9CB27}.Release|Any CPU.ActiveCfg = Release|Any CPU
		{D0358488-AC5D-4A61-9AE1-1A8660A9CB27}.Release|Any CPU.Build.0 = Release|Any CPU
	EndGlobalSection
	GlobalSection(SolutionProperties) = preSolution
		HideSolutionNode = FALSE
	EndGlobalSection
	GlobalSection(NestedProjects) = preSolution
		{407FE1DA-DBDB-4A1A-9662-CD669A820DB5} = {D1FFB21B-22B7-4E10-A3E2-0C345E25917D}
		{FF2C98F6-D54A-4CD6-9C9F-DD7D960608B1} = {5DA0FE65-AC52-4E1A-8A6F-300D26076526}
		{C8F5DE79-CAD1-4AE7-A95C-A15AF658F61A} = {5DA0FE65-AC52-4E1A-8A6F-300D26076526}
		{F5C87AAC-8F31-4561-B148-25A5BB894916} = {5DA0FE65-AC52-4E1A-8A6F-300D26076526}
		{E64F27FE-B76E-444D-B50B-1E718F4C0F38} = {D1FFB21B-22B7-4E10-A3E2-0C345E25917D}
		{AC63E607-6B4B-4F3B-A2AE-7EE3975CA05A} = {D1FFB21B-22B7-4E10-A3E2-0C345E25917D}
		{D0358488-AC5D-4A61-9AE1-1A8660A9CB27} = {D1FFB21B-22B7-4E10-A3E2-0C345E25917D}
	EndGlobalSection
	GlobalSection(ExtensibilityGlobals) = postSolution
		SolutionGuid = {2B4CF0F2-A0B7-4FC7-9C15-52025A773119}
	EndGlobalSection
EndGlobal
